
Microsoft Visual Studio Solution File, Format Version 12.00
# Visual Studio Version 17
VisualStudioVersion = 17.6.33723.286
MinimumVisualStudioVersion = 10.0.40219.1
Project("{9A19103F-16F7-4668-BE54-9A1E7A4F7556}") = "IdentityServer4.API", "IdentityServer4.API\IdentityServer4.API.csproj", "{A4B8FC54-3F92-4656-BF72-CDBAB1EDAB9A}"
EndProject
Project("{9A19103F-16F7-4668-BE54-9A1E7A4F7556}") = "IdentiyServer.DBModel", "IdentiyServer.DBModel\IdentiyServer.DBModel.csproj", "{FD215C8C-2907-4246-BBAD-29454400EB03}"
EndProject
Project("{9A19103F-16F7-4668-BE54-9A1E7A4F7556}") = "IdentityServer.App", "IdentityServer.App\IdentityServer.App.csproj", "{74E44FFA-7A38-4F6A-9F39-DE12BCC299E0}"
EndProject
Global
	GlobalSection(SolutionConfigurationPlatforms) = preSolution
		Debug|Any CPU = Debug|Any CPU
		Release|Any CPU = Release|Any CPU
	EndGlobalSection
	GlobalSection(ProjectConfigurationPlatforms) = postSolution
		{A4B8FC54-3F92-4656-BF72-CDBAB1EDAB9A}.Debug|Any CPU.ActiveCfg = Debug|Any CPU
		{A4B8FC54-3F92-4656-BF72-CDBAB1EDAB9A}.Debug|Any CPU.Build.0 = Debug|Any CPU
		{A4B8FC54-3F92-4656-BF72-CDBAB1EDAB9A}.Release|Any CPU.ActiveCfg = Release|Any CPU
		{A4B8FC54-3F92-4656-BF72-CDBAB1EDAB9A}.Release|Any CPU.Build.0 = Release|Any CPU
		{FD215C8C-2907-4246-BBAD-29454400EB03}.Debug|Any CPU.ActiveCfg = Debug|Any CPU
		{FD215C8C-2907-4246-BBAD-29454400EB03}.Debug|Any CPU.Build.0 = Debug|Any CPU
		{FD215C8C-2907-4246-BBAD-29454400EB03}.Release|Any CPU.ActiveCfg = Release|Any CPU
		{FD215C8C-2907-4246-BBAD-29454400EB03}.Release|Any CPU.Build.0 = Release|Any CPU
		{74E44FFA-7A38-4F6A-9F39-DE12BCC299E0}.Debug|Any CPU.ActiveCfg = Debug|Any CPU
		{74E44FFA-7A38-4F6A-9F39-DE12BCC299E0}.Debug|Any CPU.Build.0 = Debug|Any CPU
		{74E44FFA-7A38-4F6A-9F39-DE12BCC299E0}.Release|Any CPU.ActiveCfg = Release|Any CPU
		{74E44FFA-7A38-4F6A-9F39-DE12BCC299E0}.Release|Any CPU.Build.0 = Release|Any CPU
	EndGlobalSection
	GlobalSection(SolutionProperties) = preSolution
		HideSolutionNode = FALSE
	EndGlobalSection
	GlobalSection(ExtensibilityGlobals) = postSolution
		SolutionGuid = {ACAFA86D-BAEE-4F30-9016-C8069A6C5592}
	EndGlobalSection
EndGlobal
